// !$*UTF8*$!
{
	archiveVersion = 1;
	classes = {
	};
	objectVersion = 46;
	objects = {

/* Begin PBXBuildFile section */
		45DC98C41DC4594E001516A4 /* AppDelegate.swift in Sources */ = {isa = PBXBuildFile; fileRef = 45DC98C31DC4594E001516A4 /* AppDelegate.swift */; };
		45DC98C61DC4594E001516A4 /* ViewController.swift in Sources */ = {isa = PBXBuildFile; fileRef = 45DC98C51DC4594E001516A4 /* ViewController.swift */; };
		45DC98C91DC4594E001516A4 /* Main.storyboard in Resources */ = {isa = PBXBuildFile; fileRef = 45DC98C71DC4594E001516A4 /* Main.storyboard */; };
		45DC98CB1DC4594E001516A4 /* Assets.xcassets in Resources */ = {isa = PBXBuildFile; fileRef = 45DC98CA1DC4594E001516A4 /* Assets.xcassets */; };
		45DC98CE1DC4594E001516A4 /* LaunchScreen.storyboard in Resources */ = {isa = PBXBuildFile; fileRef = 45DC98CC1DC4594E001516A4 /* LaunchScreen.storyboard */; };
/* End PBXBuildFile section */

/* Begin PBXFileReference section */
		45DC98C01DC4594E001516A4 /* sailor social.app */ = {isa = PBXFileReference; explicitFileType = wrapper.application; includeInIndex = 0; path = "sailor social.app"; sourceTree = BUILT_PRODUCTS_DIR; };
		45DC98C31DC4594E001516A4 /* AppDelegate.swift */ = {isa = PBXFileReference; lastKnownFileType = sourcecode.swift; path = AppDelegate.swift; sourceTree = "<group>"; };
		45DC98C51DC4594E001516A4 /* ViewController.swift */ = {isa = PBXFileReference; lastKnownFileType = sourcecode.swift; path = ViewController.swift; sourceTree = "<group>"; };
		45DC98C81DC4594E001516A4 /* Base */ = {isa = PBXFileReference; lastKnownFileType = file.storyboard; name = Base; path = Base.lproj/Main.storyboard; sourceTree = "<group>"; };
		45DC98CA1DC4594E001516A4 /* Assets.xcassets */ = {isa = PBXFileReference; lastKnownFileType = folder.assetcatalog; path = Assets.xcassets; sourceTree = "<group>"; };
		45DC98CD1DC4594E001516A4 /* Base */ = {isa = PBXFileReference; lastKnownFileType = file.storyboard; name = Base; path = Base.lproj/LaunchScreen.storyboard; sourceTree = "<group>"; };
		45DC98CF1DC4594E001516A4 /* Info.plist */ = {isa = PBXFileReference; lastKnownFileType = text.plist.xml; path = Info.plist; sourceTree = "<group>"; };
/* End PBXFileReference section */

/* Begin PBXFrameworksBuildPhase section */
		45DC98BD1DC4594E001516A4 /* Frameworks */ = {
			isa = PBXFrameworksBuildPhase;
			buildActionMask = 2147483647;
			files = (
			);
			runOnlyForDeploymentPostprocessing = 0;
		};
/* End PBXFrameworksBuildPhase section */

/* Begin PBXGroup section */
		45DC98B71DC4594E001516A4 = {
			isa = PBXGroup;
			children = (
				45DC98C21DC4594E001516A4 /* sailor social */,
				45DC98C11DC4594E001516A4 /* Products */,
			);
			sourceTree = "<group>";
		};
		45DC98C11DC4594E001516A4 /* Products */ = {
			isa = PBXGroup;
			children = (
				45DC98C01DC4594E001516A4 /* sailor social.app */,
			);
			name = Products;
			sourceTree = "<group>";
		};
		45DC98C21DC4594E001516A4 /* sailor social */ = {
			isa = PBXGroup;
			children = (
				45DC98C31DC4594E001516A4 /* AppDelegate.swift */,
				45DC98C51DC4594E001516A4 /* ViewController.swift */,
				45DC98C71DC4594E001516A4 /* Main.storyboard */,
				45DC98CA1DC4594E001516A4 /* Assets.xcassets */,
				45DC98CC1DC4594E001516A4 /* LaunchScreen.storyboard */,
				45DC98CF1DC4594E001516A4 /* Info.plist */,
			);
			path = "sailor social";
			sourceTree = "<group>";
		};
/* End PBXGroup section */

/* Begin PBXNativeTarget section */
		45DC98BF1DC4594E001516A4 /* sailor social */ = {
			isa = PBXNativeTarget;
			buildConfigurationList = 45DC98D21DC4594E001516A4 /* Build configuration list for PBXNativeTarget "sailor social" */;
			buildPhases = (
				45DC98BC1DC4594E001516A4 /* Sources */,
				45DC98BD1DC4594E001516A4 /* Frameworks */,
				45DC98BE1DC4594E001516A4 /* Resources */,
			);
			buildRules = (
			);
			dependencies = (
			);
			name = "sailor social";
			productName = "sailor social";
			productReference = 45DC98C01DC4594E001516A4 /* sailor social.app */;
			productType = "com.apple.product-type.application";
		};
/* End PBXNativeTarget section */

/* Begin PBXProject section */
		45DC98B81DC4594E001516A4 /* Project object */ = {
			isa = PBXProject;
			attributes = {
				LastSwiftUpdateCheck = 0810;
				LastUpgradeCheck = 0810;
				ORGANIZATIONNAME = "Creigh Battle";
				TargetAttributes = {
					45DC98BF1DC4594E001516A4 = {
						CreatedOnToolsVersion = 8.1;
						ProvisioningStyle = Automatic;
					};
				};
			};
			buildConfigurationList = 45DC98BB1DC4594E001516A4 /* Build configuration list for PBXProject "sailor social" */;
			compatibilityVersion = "Xcode 3.2";
			developmentRegion = English;
			hasScannedForEncodings = 0;
			knownRegions = (
				en,
				Base,
			);
			mainGroup = 45DC98B71DC4594E001516A4;
			productRefGroup = 45DC98C11DC4594E001516A4 /* Products */;
			projectDirPath = "";
			projectRoot = "";
			targets = (
				45DC98BF1DC4594E001516A4 /* sailor social */,
			);
		};
/* End PBXProject section */

/* Begin PBXResourcesBuildPhase section */
		45DC98BE1DC4594E001516A4 /* Resources */ = {
			isa = PBXResourcesBuildPhase;
			buildActionMask = 2147483647;
			files = (
				45DC98CE1DC4594E001516A4 /* LaunchScreen.storyboard in Resources */,
				45DC98CB1DC4594E001516A4 /* Assets.xcassets in Resources */,
				45DC98C91DC4594E001516A4 /* Main.storyboard in Resources */,
			);
			runOnlyForDeploymentPostprocessing = 0;
		};
/* End PBXResourcesBuildPhase section */

/* Begin PBXSourcesBuildPhase section */
		45DC98BC1DC4594E001516A4 /* Sources */ = {
			isa = PBXSourcesBuildPhase;
			buildActionMask = 2147483647;
			files = (
				45DC98C61DC4594E001516A4 /* ViewController.swift in Sources */,
				45DC98C41DC4594E001516A4 /* AppDelegate.swift in Sources */,
			);
			runOnlyForDeploymentPostprocessing = 0;
		};
/* End PBXSourcesBuildPhase section */

/* Begin PBXVariantGroup section */
		45DC98C71DC4594E001516A4 /* Main.storyboard */ = {
			isa = PBXVariantGroup;
			children = (
				45DC98C81DC4594E001516A4 /* Base */,
			);
			name = Main.storyboard;
			sourceTree = "<group>";
		};
		45DC98CC1DC4594E001516A4 /* LaunchScreen.storyboard */ = {
			isa = PBXVariantGroup;
			children = (
				45DC98CD1DC4594E001516A4 /* Base */,
			);
			name = LaunchScreen.storyboard;
			sourceTree = "<group>";
		};
/* End PBXVariantGroup section */

/* Begin XCBuildConfiguration section */
		45DC98D01DC4594E001516A4 /* Debug */ = {
			isa = XCBuildConfiguration;
			buildSettings = {
				ALWAYS_SEARCH_USER_PATHS = NO;
				CLANG_ANALYZER_NONNULL = YES;
				CLANG_CXX_LANGUAGE_STANDARD = "gnu++0x";
				CLANG_CXX_LIBRARY = "libc++";
				CLANG_ENABLE_MODULES = YES;
				CLANG_ENABLE_OBJC_ARC = YES;
				CLANG_WARN_BOOL_CONVERSION = YES;
				CLANG_WARN_CONSTANT_CONVERSION = YES;
				CLANG_WARN_DIRECT_OBJC_ISA_USAGE = YES_ERROR;
				CLANG_WARN_DOCUMENTATION_COMMENTS = YES;
				CLANG_WARN_EMPTY_BODY = YES;
				CLANG_WARN_ENUM_CONVERSION = YES;
				CLANG_WARN_INFINITE_RECURSION = YES;
				CLANG_WARN_INT_CONVERSION = YES;
				CLANG_WARN_OBJC_ROOT_CLASS = YES_ERROR;
				CLANG_WARN_SUSPICIOUS_MOVES = YES;
				CLANG_WARN_UNREACHABLE_CODE = YES;
				CLANG_WARN__DUPLICATE_METHOD_MATCH = YES;
				"CODE_SIGN_IDENTITY[sdk=iphoneos*]" = "iPhone Developer";
				COPY_PHASE_STRIP = NO;
				DEBUG_INFORMATION_FORMAT = dwarf;
				ENABLE_STRICT_OBJC_MSGSEND = YES;
				ENABLE_TESTABILITY = YES;
				GCC_C_LANGUAGE_STANDARD = gnu99;
				GCC_DYNAMIC_NO_PIC = NO;
				GCC_NO_COMMON_BLOCKS = YES;
				GCC_OPTIMIZATION_LEVEL = 0;
				GCC_PREPROCESSOR_DEFINITIONS = (
					"DEBUG=1",
					"$(inherited)",
				);
				GCC_WARN_64_TO_32_BIT_CONVERSION = YES;
				GCC_WARN_ABOUT_RETURN_TYPE = YES_ERROR;
				GCC_WARN_UNDECLARED_SELECTOR = YES;
				GCC_WARN_UNINITIALIZED_AUTOS = YES_AGGRESSIVE;
				GCC_WARN_UNUSED_FUNCTION = YES;
				GCC_WARN_UNUSED_VARIABLE = YES;
				IPHONEOS_DEPLOYMENT_TARGET = 10.1;
				MTL_ENABLE_DEBUG_INFO = YES;
				ONLY_ACTIVE_ARCH = YES;
				SDKROOT = iphoneos;
				SWIFT_ACTIVE_COMPILATION_CONDITIONS = DEBUG;
				SWIFT_OPTIMIZATION_LEVEL = "-Onone";
				TARGETED_DEVICE_FAMILY = "1,2";
			};
			name = Debug;
		};
		45DC98D11DC4594E001516A4 /* Release */ = {
			isa = XCBuildConfiguration;
			buildSettings = {
				ALWAYS_SEARCH_USER_PATHS = NO;
				CLANG_ANALYZER_NONNULL = YES;
				CLANG_CXX_LANGUAGE_STANDARD = "gnu++0x";
				CLANG_CXX_LIBRARY = "libc++";
				CLANG_ENABLE_MODULES = YES;
				CLANG_ENABLE_OBJC_ARC = YES;
				CLANG_WARN_BOOL_CONVERSION = YES;
				CLANG_WARN_CONSTANT_CONVERSION = YES;
				CLANG_WARN_DIRECT_OBJC_ISA_USAGE = YES_ERROR;
				CLANG_WARN_DOCUMENTATION_COMMENTS = YES;
				CLANG_WARN_EMPTY_BODY = YES;
				CLANG_WARN_ENUM_CONVERSION = YES;
				CLANG_WARN_INFINITE_RECURSION = YES;
				CLANG_WARN_INT_CONVERSION = YES;
				CLANG_WARN_OBJC_ROOT_CLASS = YES_ERROR;
				CLANG_WARN_SUSPICIOUS_MOVES = YES;
				CLANG_WARN_UNREACHABLE_CODE = YES;
				CLANG_WARN__DUPLICATE_METHOD_MATCH = YES;
				"CODE_SIGN_IDENTITY[sdk=iphoneos*]" = "iPhone Developer";
				COPY_PHASE_STRIP = NO;
				DEBUG_INFORMATION_FORMAT = "dwarf-with-dsym";
				ENABLE_NS_ASSERTIONS = NO;
				ENABLE_STRICT_OBJC_MSGSEND = YES;
				GCC_C_LANGUAGE_STANDARD = gnu99;
				GCC_NO_COMMON_BLOCKS = YES;
				GCC_WARN_64_TO_32_BIT_CONVERSION = YES;
				GCC_WARN_ABOUT_RETURN_TYPE = YES_ERROR;
				GCC_WARN_UNDECLARED_SELECTOR = YES;
				GCC_WARN_UNINITIALIZED_AUTOS = YES_AGGRESSIVE;
				GCC_WARN_UNUSED_FUNCTION = YES;
				GCC_WARN_UNUSED_VARIABLE = YES;
				IPHONEOS_DEPLOYMENT_TARGET = 10.1;
				MTL_ENABLE_DEBUG_INFO = NO;
				SDKROOT = iphoneos;
				SWIFT_OPTIMIZATION_LEVEL = "-Owholemodule";
				TARGETED_DEVICE_FAMILY = "1,2";
				VALIDATE_PRODUCT = YES;
			};
			name = Release;
		};
		45DC98D31DC4594E001516A4 /* Debug */ = {
			isa = XCBuildConfiguration;
			buildSettings = {
				ASSETCATALOG_COMPILER_APPICON_NAME = AppIcon;
				INFOPLIST_FILE = "sailor social/Info.plist";
				LD_RUNPATH_SEARCH_PATHS = "$(inherited) @executable_path/Frameworks";
				PRODUCT_BUNDLE_IDENTIFIER = "com.creigh.sailor-social";
				PRODUCT_NAME = "$(TARGET_NAME)";
				SWIFT_VERSION = 3.0;
			};
			name = Debug;
		};
		45DC98D41DC4594E001516A4 /* Release */ = {
			isa = XCBuildConfiguration;
			buildSettings = {
				ASSETCATALOG_COMPILER_APPICON_NAME = AppIcon;
				INFOPLIST_FILE = "sailor social/Info.plist";
				LD_RUNPATH_SEARCH_PATHS = "$(inherited) @executable_path/Frameworks";
				PRODUCT_BUNDLE_IDENTIFIER = "com.creigh.sailor-social";
				PRODUCT_NAME = "$(TARGET_NAME)";
				SWIFT_VERSION = 3.0;
			};
			name = Release;
		};
/* End XCBuildConfiguration section */

/* Begin XCConfigurationList section */
		45DC98BB1DC4594E001516A4 /* Build configuration list for PBXProject "sailor social" */ = {
			isa = XCConfigurationList;
			buildConfigurations = (
				45DC98D01DC4594E001516A4 /* Debug */,
				45DC98D11DC4594E001516A4 /* Release */,
			);
			defaultConfigurationIsVisible = 0;
			defaultConfigurationName = Release;
		};
		45DC98D21DC4594E001516A4 /* Build configuration list for PBXNativeTarget "sailor social" */ = {
			isa = XCConfigurationList;
			buildConfigurations = (
				45DC98D31DC4594E001516A4 /* Debug */,
				45DC98D41DC4594E001516A4 /* Release */,
			);
			defaultConfigurationIsVisible = 0;
		};
/* End XCConfigurationList section */
	};
	rootObject = 45DC98B81DC4594E001516A4 /* Project object */;
}
